// !$*UTF8*$!
{
	archiveVersion = 1;
	classes = {
	};
	objectVersion = 56;
	objects = {

/* Begin PBXBuildFile section */
		2214B1AD2DC0B02000DEF217 /* AppDelegate.swift in Sources */ = {isa = PBXBuildFile; fileRef = 2214B1AC2DC0B02000DEF217 /* AppDelegate.swift */; };
		2214B1AF2DC0B02000DEF217 /* SceneDelegate.swift in Sources */ = {isa = PBXBuildFile; fileRef = 2214B1AE2DC0B02000DEF217 /* SceneDelegate.swift */; };
		2214B1B12DC0B02000DEF217 /* ViewController.swift in Sources */ = {isa = PBXBuildFile; fileRef = 2214B1B02DC0B02000DEF217 /* ViewController.swift */; };
		2214B1B42DC0B02000DEF217 /* Main.storyboard in Resources */ = {isa = PBXBuildFile; fileRef = 2214B1B22DC0B02000DEF217 /* Main.storyboard */; };
		2214B1B62DC0B02500DEF217 /* Assets.xcassets in Resources */ = {isa = PBXBuildFile; fileRef = 2214B1B52DC0B02500DEF217 /* Assets.xcassets */; };
		2214B1B92DC0B02500DEF217 /* LaunchScreen.storyboard in Resources */ = {isa = PBXBuildFile; fileRef = 2214B1B72DC0B02500DEF217 /* LaunchScreen.storyboard */; };
		2214B1C42DC0B02500DEF217 /* News_AppTests.swift in Sources */ = {isa = PBXBuildFile; fileRef = 2214B1C32DC0B02500DEF217 /* News_AppTests.swift */; };
		2214B1CE2DC0B02500DEF217 /* News_AppUITests.swift in Sources */ = {isa = PBXBuildFile; fileRef = 2214B1CD2DC0B02500DEF217 /* News_AppUITests.swift */; };
		2214B1D02DC0B02500DEF217 /* News_AppUITestsLaunchTests.swift in Sources */ = {isa = PBXBuildFile; fileRef = 2214B1CF2DC0B02500DEF217 /* News_AppUITestsLaunchTests.swift */; };
		2214B1E92DC0C8CF00DEF217 /* Environment.swift in Sources */ = {isa = PBXBuildFile; fileRef = 2214B1E82DC0C8CF00DEF217 /* Environment.swift */; };
		2214B1EB2DC0CA2B00DEF217 /* Endpoint.swift in Sources */ = {isa = PBXBuildFile; fileRef = 2214B1EA2DC0CA2B00DEF217 /* Endpoint.swift */; };
		2214B1EE2DC0CDCB00DEF217 /* HttpClient.swift in Sources */ = {isa = PBXBuildFile; fileRef = 2214B1ED2DC0CDCB00DEF217 /* HttpClient.swift */; };
		2214B1F02DC0CE3C00DEF217 /* ResponseError.swift in Sources */ = {isa = PBXBuildFile; fileRef = 2214B1EF2DC0CE3C00DEF217 /* ResponseError.swift */; };
		2214B1F22DC0D3A300DEF217 /* Coordinator.swift in Sources */ = {isa = PBXBuildFile; fileRef = 2214B1F12DC0D3A300DEF217 /* Coordinator.swift */; };
		2214B1F42DC0D4B900DEF217 /* AppCoordinator.swift in Sources */ = {isa = PBXBuildFile; fileRef = 2214B1F32DC0D4B900DEF217 /* AppCoordinator.swift */; };
		2214B1F62DC0D53F00DEF217 /* MainCoordinator.swift in Sources */ = {isa = PBXBuildFile; fileRef = 2214B1F52DC0D53F00DEF217 /* MainCoordinator.swift */; };
		2214B1FD2DC0D70400DEF217 /* MainViewModel.swift in Sources */ = {isa = PBXBuildFile; fileRef = 2214B1FC2DC0D70400DEF217 /* MainViewModel.swift */; };
		2214B2002DC0D7A700DEF217 /* MainService.swift in Sources */ = {isa = PBXBuildFile; fileRef = 2214B1FF2DC0D7A700DEF217 /* MainService.swift */; };
		2214B2022DC0D7FD00DEF217 /* MainInjection.swift in Sources */ = {isa = PBXBuildFile; fileRef = 2214B2012DC0D7FD00DEF217 /* MainInjection.swift */; };
		2214B2042DC0D85E00DEF217 /* MainView.xib in Resources */ = {isa = PBXBuildFile; fileRef = 2214B2032DC0D85E00DEF217 /* MainView.xib */; };
		2214B2062DC0D88800DEF217 /* MainViewController.swift in Sources */ = {isa = PBXBuildFile; fileRef = 2214B2052DC0D88800DEF217 /* MainViewController.swift */; };
		2214B2092DC0D92700DEF217 /* BaseViewController.swift in Sources */ = {isa = PBXBuildFile; fileRef = 2214B2082DC0D92700DEF217 /* BaseViewController.swift */; };
		221648952DC1C74B0093D561 /* SourceRequestModel.swift in Sources */ = {isa = PBXBuildFile; fileRef = 221648942DC1C74B0093D561 /* SourceRequestModel.swift */; };
		221648982DC1C99B0093D561 /* RequestState.swift in Sources */ = {isa = PBXBuildFile; fileRef = 221648972DC1C99B0093D561 /* RequestState.swift */; };
		2216489A2DC1CD7A0093D561 /* CustomFlowLayout.swift in Sources */ = {isa = PBXBuildFile; fileRef = 221648992DC1CD7A0093D561 /* CustomFlowLayout.swift */; };
		2216489E2DC1CF780093D561 /* SourceItemCell.xib in Resources */ = {isa = PBXBuildFile; fileRef = 2216489D2DC1CF780093D561 /* SourceItemCell.xib */; };
		221648A02DC1CFB60093D561 /* SourceItemCell.swift in Sources */ = {isa = PBXBuildFile; fileRef = 2216489F2DC1CFB60093D561 /* SourceItemCell.swift */; };
		223AD5B22DC1C4AB003F1A62 /* SourceResponseModel.swift in Sources */ = {isa = PBXBuildFile; fileRef = 223AD5B12DC1C4AB003F1A62 /* SourceResponseModel.swift */; };
		223AD5B42DC1C4F9003F1A62 /* SourceItemModel.swift in Sources */ = {isa = PBXBuildFile; fileRef = 223AD5B32DC1C4F9003F1A62 /* SourceItemModel.swift */; };
		223AD5B62DC1C5D8003F1A62 /* SourceEndPoint.swift in Sources */ = {isa = PBXBuildFile; fileRef = 223AD5B52DC1C5D8003F1A62 /* SourceEndPoint.swift */; };
		224502022DC1D7AF00D09188 /* GeneralChipView.swift in Sources */ = {isa = PBXBuildFile; fileRef = 224502012DC1D7AF00D09188 /* GeneralChipView.swift */; };
		224502042DC1DBAF00D09188 /* UIStackView+Ext.swift in Sources */ = {isa = PBXBuildFile; fileRef = 224502032DC1DBAF00D09188 /* UIStackView+Ext.swift */; };
		224502072DC1E3B500D09188 /* SourceShimmerCell.xib in Resources */ = {isa = PBXBuildFile; fileRef = 224502062DC1E3B500D09188 /* SourceShimmerCell.xib */; };
		224502092DC1E3C500D09188 /* SourceShimmerCell.swift in Sources */ = {isa = PBXBuildFile; fileRef = 224502082DC1E3C500D09188 /* SourceShimmerCell.swift */; };
		224502102DC1E7C000D09188 /* NewsInjection.swift in Sources */ = {isa = PBXBuildFile; fileRef = 2245020F2DC1E7C000D09188 /* NewsInjection.swift */; };
		224502122DC1E7F500D09188 /* NewsService.swift in Sources */ = {isa = PBXBuildFile; fileRef = 224502112DC1E7F500D09188 /* NewsService.swift */; };
		224502142DC1E82700D09188 /* NewsViewModel.swift in Sources */ = {isa = PBXBuildFile; fileRef = 224502132DC1E82700D09188 /* NewsViewModel.swift */; };
		224502162DC1E87200D09188 /* NewsView.xib in Resources */ = {isa = PBXBuildFile; fileRef = 224502152DC1E87200D09188 /* NewsView.xib */; };
		224502182DC1E88300D09188 /* NewsViewController.swift in Sources */ = {isa = PBXBuildFile; fileRef = 224502172DC1E88300D09188 /* NewsViewController.swift */; };
		2245021A2DC1F5E400D09188 /* NewsCoordinator.swift in Sources */ = {isa = PBXBuildFile; fileRef = 224502192DC1F5E400D09188 /* NewsCoordinator.swift */; };
		2245021C2DC1FF1D00D09188 /* NewsEndPoint.swift in Sources */ = {isa = PBXBuildFile; fileRef = 2245021B2DC1FF1D00D09188 /* NewsEndPoint.swift */; };
		2245021F2DC1FFA600D09188 /* NewsRequestModel.swift in Sources */ = {isa = PBXBuildFile; fileRef = 2245021E2DC1FFA600D09188 /* NewsRequestModel.swift */; };
		224502222DC2006900D09188 /* NewsResponseModel.swift in Sources */ = {isa = PBXBuildFile; fileRef = 224502212DC2006900D09188 /* NewsResponseModel.swift */; };
		224502242DC200D600D09188 /* ArticleItemModel.swift in Sources */ = {isa = PBXBuildFile; fileRef = 224502232DC200D600D09188 /* ArticleItemModel.swift */; };
		224502282DC20B9600D09188 /* NewsItemCell.xib in Resources */ = {isa = PBXBuildFile; fileRef = 224502272DC20B9600D09188 /* NewsItemCell.xib */; };
		2245022A2DC20C1900D09188 /* NewsItemCell.swift in Sources */ = {isa = PBXBuildFile; fileRef = 224502292DC20C1900D09188 /* NewsItemCell.swift */; };
		2245022E2DC226A300D09188 /* UIImageView+Ext.swift in Sources */ = {isa = PBXBuildFile; fileRef = 2245022D2DC226A300D09188 /* UIImageView+Ext.swift */; };
		224718BB2DC11F6600075E75 /* Category.swift in Sources */ = {isa = PBXBuildFile; fileRef = 224718BA2DC11F6600075E75 /* Category.swift */; };
		224718BE2DC12B0200075E75 /* GridFlowLayout.swift in Sources */ = {isa = PBXBuildFile; fileRef = 224718BD2DC12B0200075E75 /* GridFlowLayout.swift */; };
		224718C22DC12B7D00075E75 /* CategoryItemCell.xib in Resources */ = {isa = PBXBuildFile; fileRef = 224718C12DC12B7D00075E75 /* CategoryItemCell.xib */; };
		224718C42DC12B9B00075E75 /* CategoryItemCell.swift in Sources */ = {isa = PBXBuildFile; fileRef = 224718C32DC12B9A00075E75 /* CategoryItemCell.swift */; };
		224718C72DC13B6B00075E75 /* UIView+Nib.swift in Sources */ = {isa = PBXBuildFile; fileRef = 224718C62DC13B6B00075E75 /* UIView+Nib.swift */; };
		224718CA2DC13D4100075E75 /* Images.xcassets in Resources */ = {isa = PBXBuildFile; fileRef = 224718C92DC13D4100075E75 /* Images.xcassets */; };
		224718CC2DC13E9400075E75 /* UIImage+Images.swift in Sources */ = {isa = PBXBuildFile; fileRef = 224718CB2DC13E9400075E75 /* UIImage+Images.swift */; };
		225321112DC1B715002245F5 /* UIViewController+Ext.swift in Sources */ = {isa = PBXBuildFile; fileRef = 225321102DC1B715002245F5 /* UIViewController+Ext.swift */; };
		225321132DC1B76F002245F5 /* UINavigationController.swift in Sources */ = {isa = PBXBuildFile; fileRef = 225321122DC1B76F002245F5 /* UINavigationController.swift */; };
		225321152DC1B855002245F5 /* Icons.xcassets in Resources */ = {isa = PBXBuildFile; fileRef = 225321142DC1B855002245F5 /* Icons.xcassets */; };
		225321172DC1B885002245F5 /* UIImage+Icons.swift in Sources */ = {isa = PBXBuildFile; fileRef = 225321162DC1B885002245F5 /* UIImage+Icons.swift */; };
		2253211E2DC1BA09002245F5 /* SourceInjection.swift in Sources */ = {isa = PBXBuildFile; fileRef = 2253211D2DC1BA09002245F5 /* SourceInjection.swift */; };
		225321202DC1BA47002245F5 /* SourceService.swift in Sources */ = {isa = PBXBuildFile; fileRef = 2253211F2DC1BA47002245F5 /* SourceService.swift */; };
		225321222DC1BA7F002245F5 /* SourceViewModel.swift in Sources */ = {isa = PBXBuildFile; fileRef = 225321212DC1BA7F002245F5 /* SourceViewModel.swift */; };
		225321242DC1BAB0002245F5 /* SourceCoordinator.swift in Sources */ = {isa = PBXBuildFile; fileRef = 225321232DC1BAB0002245F5 /* SourceCoordinator.swift */; };
		225321262DC1BB20002245F5 /* SourceViewController.swift in Sources */ = {isa = PBXBuildFile; fileRef = 225321252DC1BB20002245F5 /* SourceViewController.swift */; };
		225321282DC1BB84002245F5 /* SourceView.xib in Resources */ = {isa = PBXBuildFile; fileRef = 225321272DC1BB84002245F5 /* SourceView.xib */; };
		8B5766071E1FA8817BF7A374 /* Pods_News_App_News_AppUITests.framework in Frameworks */ = {isa = PBXBuildFile; fileRef = 8B173BD3979D46BBEFFFA32B /* Pods_News_App_News_AppUITests.framework */; };
		DBDDE32BABD388D5AA7DD2CF /* Pods_News_App.framework in Frameworks */ = {isa = PBXBuildFile; fileRef = 0060D3808A7F6FB8CE3D2B64 /* Pods_News_App.framework */; };
		FD82AC1078ADA129C0AA7687 /* Pods_News_AppTests.framework in Frameworks */ = {isa = PBXBuildFile; fileRef = 5D5114B6624B92FB68C067C1 /* Pods_News_AppTests.framework */; };
/* End PBXBuildFile section */

/* Begin PBXContainerItemProxy section */
		2214B1C02DC0B02500DEF217 /* PBXContainerItemProxy */ = {
			isa = PBXContainerItemProxy;
			containerPortal = 2214B1A12DC0B02000DEF217 /* Project object */;
			proxyType = 1;
			remoteGlobalIDString = 2214B1A82DC0B02000DEF217;
			remoteInfo = "News-App";
		};
		2214B1CA2DC0B02500DEF217 /* PBXContainerItemProxy */ = {
			isa = PBXContainerItemProxy;
			containerPortal = 2214B1A12DC0B02000DEF217 /* Project object */;
			proxyType = 1;
			remoteGlobalIDString = 2214B1A82DC0B02000DEF217;
			remoteInfo = "News-App";
		};
/* End PBXContainerItemProxy section */

/* Begin PBXFileReference section */
		0060D3808A7F6FB8CE3D2B64 /* Pods_News_App.framework */ = {isa = PBXFileReference; explicitFileType = wrapper.framework; includeInIndex = 0; path = Pods_News_App.framework; sourceTree = BUILT_PRODUCTS_DIR; };
		043966732F7A62F52AEBC287 /* Pods-News-AppTests.release.xcconfig */ = {isa = PBXFileReference; includeInIndex = 1; lastKnownFileType = text.xcconfig; name = "Pods-News-AppTests.release.xcconfig"; path = "Target Support Files/Pods-News-AppTests/Pods-News-AppTests.release.xcconfig"; sourceTree = "<group>"; };
		2214B1A92DC0B02000DEF217 /* News App dev.app */ = {isa = PBXFileReference; explicitFileType = wrapper.application; includeInIndex = 0; path = "News App dev.app"; sourceTree = BUILT_PRODUCTS_DIR; };
		2214B1AC2DC0B02000DEF217 /* AppDelegate.swift */ = {isa = PBXFileReference; lastKnownFileType = sourcecode.swift; path = AppDelegate.swift; sourceTree = "<group>"; };
		2214B1AE2DC0B02000DEF217 /* SceneDelegate.swift */ = {isa = PBXFileReference; lastKnownFileType = sourcecode.swift; path = SceneDelegate.swift; sourceTree = "<group>"; };
		2214B1B02DC0B02000DEF217 /* ViewController.swift */ = {isa = PBXFileReference; lastKnownFileType = sourcecode.swift; path = ViewController.swift; sourceTree = "<group>"; };
		2214B1B32DC0B02000DEF217 /* Base */ = {isa = PBXFileReference; lastKnownFileType = file.storyboard; name = Base; path = Base.lproj/Main.storyboard; sourceTree = "<group>"; };
		2214B1B52DC0B02500DEF217 /* Assets.xcassets */ = {isa = PBXFileReference; lastKnownFileType = folder.assetcatalog; path = Assets.xcassets; sourceTree = "<group>"; };
		2214B1B82DC0B02500DEF217 /* Base */ = {isa = PBXFileReference; lastKnownFileType = file.storyboard; name = Base; path = Base.lproj/LaunchScreen.storyboard; sourceTree = "<group>"; };
		2214B1BA2DC0B02500DEF217 /* Info.plist */ = {isa = PBXFileReference; lastKnownFileType = text.plist.xml; path = Info.plist; sourceTree = "<group>"; };
		2214B1BF2DC0B02500DEF217 /* News-AppTests.xctest */ = {isa = PBXFileReference; explicitFileType = wrapper.cfbundle; includeInIndex = 0; path = "News-AppTests.xctest"; sourceTree = BUILT_PRODUCTS_DIR; };
		2214B1C32DC0B02500DEF217 /* News_AppTests.swift */ = {isa = PBXFileReference; lastKnownFileType = sourcecode.swift; path = News_AppTests.swift; sourceTree = "<group>"; };
		2214B1C92DC0B02500DEF217 /* News-AppUITests.xctest */ = {isa = PBXFileReference; explicitFileType = wrapper.cfbundle; includeInIndex = 0; path = "News-AppUITests.xctest"; sourceTree = BUILT_PRODUCTS_DIR; };
		2214B1CD2DC0B02500DEF217 /* News_AppUITests.swift */ = {isa = PBXFileReference; lastKnownFileType = sourcecode.swift; path = News_AppUITests.swift; sourceTree = "<group>"; };
		2214B1CF2DC0B02500DEF217 /* News_AppUITestsLaunchTests.swift */ = {isa = PBXFileReference; lastKnownFileType = sourcecode.swift; path = News_AppUITestsLaunchTests.swift; sourceTree = "<group>"; };
		2214B1E52DC0C33000DEF217 /* Base.xcconfig */ = {isa = PBXFileReference; lastKnownFileType = text.xcconfig; path = Base.xcconfig; sourceTree = "<group>"; };
		2214B1E62DC0C3D400DEF217 /* Production.xcconfig */ = {isa = PBXFileReference; lastKnownFileType = text.xcconfig; path = Production.xcconfig; sourceTree = "<group>"; };
		2214B1E72DC0C41000DEF217 /* Development.xcconfig */ = {isa = PBXFileReference; lastKnownFileType = text.xcconfig; path = Development.xcconfig; sourceTree = "<group>"; };
		2214B1E82DC0C8CF00DEF217 /* Environment.swift */ = {isa = PBXFileReference; lastKnownFileType = sourcecode.swift; path = Environment.swift; sourceTree = "<group>"; };
		2214B1EA2DC0CA2B00DEF217 /* Endpoint.swift */ = {isa = PBXFileReference; lastKnownFileType = sourcecode.swift; path = Endpoint.swift; sourceTree = "<group>"; };
		2214B1ED2DC0CDCB00DEF217 /* HttpClient.swift */ = {isa = PBXFileReference; lastKnownFileType = sourcecode.swift; path = HttpClient.swift; sourceTree = "<group>"; };
		2214B1EF2DC0CE3C00DEF217 /* ResponseError.swift */ = {isa = PBXFileReference; lastKnownFileType = sourcecode.swift; path = ResponseError.swift; sourceTree = "<group>"; };
		2214B1F12DC0D3A300DEF217 /* Coordinator.swift */ = {isa = PBXFileReference; lastKnownFileType = sourcecode.swift; path = Coordinator.swift; sourceTree = "<group>"; };
		2214B1F32DC0D4B900DEF217 /* AppCoordinator.swift */ = {isa = PBXFileReference; lastKnownFileType = sourcecode.swift; path = AppCoordinator.swift; sourceTree = "<group>"; };
		2214B1F52DC0D53F00DEF217 /* MainCoordinator.swift */ = {isa = PBXFileReference; lastKnownFileType = sourcecode.swift; path = MainCoordinator.swift; sourceTree = "<group>"; };
		2214B1FC2DC0D70400DEF217 /* MainViewModel.swift */ = {isa = PBXFileReference; lastKnownFileType = sourcecode.swift; path = MainViewModel.swift; sourceTree = "<group>"; };
		2214B1FF2DC0D7A700DEF217 /* MainService.swift */ = {isa = PBXFileReference; lastKnownFileType = sourcecode.swift; path = MainService.swift; sourceTree = "<group>"; };
		2214B2012DC0D7FD00DEF217 /* MainInjection.swift */ = {isa = PBXFileReference; lastKnownFileType = sourcecode.swift; path = MainInjection.swift; sourceTree = "<group>"; };
		2214B2032DC0D85E00DEF217 /* MainView.xib */ = {isa = PBXFileReference; lastKnownFileType = file.xib; path = MainView.xib; sourceTree = "<group>"; };
		2214B2052DC0D88800DEF217 /* MainViewController.swift */ = {isa = PBXFileReference; lastKnownFileType = sourcecode.swift; path = MainViewController.swift; sourceTree = "<group>"; };
		2214B2082DC0D92700DEF217 /* BaseViewController.swift */ = {isa = PBXFileReference; lastKnownFileType = sourcecode.swift; path = BaseViewController.swift; sourceTree = "<group>"; };
		221648942DC1C74B0093D561 /* SourceRequestModel.swift */ = {isa = PBXFileReference; lastKnownFileType = sourcecode.swift; path = SourceRequestModel.swift; sourceTree = "<group>"; };
		221648972DC1C99B0093D561 /* RequestState.swift */ = {isa = PBXFileReference; lastKnownFileType = sourcecode.swift; path = RequestState.swift; sourceTree = "<group>"; };
		221648992DC1CD7A0093D561 /* CustomFlowLayout.swift */ = {isa = PBXFileReference; lastKnownFileType = sourcecode.swift; path = CustomFlowLayout.swift; sourceTree = "<group>"; };
		2216489D2DC1CF780093D561 /* SourceItemCell.xib */ = {isa = PBXFileReference; lastKnownFileType = file.xib; path = SourceItemCell.xib; sourceTree = "<group>"; };
		2216489F2DC1CFB60093D561 /* SourceItemCell.swift */ = {isa = PBXFileReference; lastKnownFileType = sourcecode.swift; path = SourceItemCell.swift; sourceTree = "<group>"; };
		223AD5B12DC1C4AB003F1A62 /* SourceResponseModel.swift */ = {isa = PBXFileReference; lastKnownFileType = sourcecode.swift; path = SourceResponseModel.swift; sourceTree = "<group>"; };
		223AD5B32DC1C4F9003F1A62 /* SourceItemModel.swift */ = {isa = PBXFileReference; lastKnownFileType = sourcecode.swift; path = SourceItemModel.swift; sourceTree = "<group>"; };
		223AD5B52DC1C5D8003F1A62 /* SourceEndPoint.swift */ = {isa = PBXFileReference; lastKnownFileType = sourcecode.swift; path = SourceEndPoint.swift; sourceTree = "<group>"; };
		224502012DC1D7AF00D09188 /* GeneralChipView.swift */ = {isa = PBXFileReference; lastKnownFileType = sourcecode.swift; path = GeneralChipView.swift; sourceTree = "<group>"; };
		224502032DC1DBAF00D09188 /* UIStackView+Ext.swift */ = {isa = PBXFileReference; lastKnownFileType = sourcecode.swift; path = "UIStackView+Ext.swift"; sourceTree = "<group>"; };
		224502062DC1E3B500D09188 /* SourceShimmerCell.xib */ = {isa = PBXFileReference; lastKnownFileType = file.xib; path = SourceShimmerCell.xib; sourceTree = "<group>"; };
		224502082DC1E3C500D09188 /* SourceShimmerCell.swift */ = {isa = PBXFileReference; lastKnownFileType = sourcecode.swift; path = SourceShimmerCell.swift; sourceTree = "<group>"; };
		2245020F2DC1E7C000D09188 /* NewsInjection.swift */ = {isa = PBXFileReference; lastKnownFileType = sourcecode.swift; path = NewsInjection.swift; sourceTree = "<group>"; };
		224502112DC1E7F500D09188 /* NewsService.swift */ = {isa = PBXFileReference; lastKnownFileType = sourcecode.swift; path = NewsService.swift; sourceTree = "<group>"; };
		224502132DC1E82700D09188 /* NewsViewModel.swift */ = {isa = PBXFileReference; lastKnownFileType = sourcecode.swift; path = NewsViewModel.swift; sourceTree = "<group>"; };
		224502152DC1E87200D09188 /* NewsView.xib */ = {isa = PBXFileReference; lastKnownFileType = file.xib; path = NewsView.xib; sourceTree = "<group>"; };
		224502172DC1E88300D09188 /* NewsViewController.swift */ = {isa = PBXFileReference; lastKnownFileType = sourcecode.swift; path = NewsViewController.swift; sourceTree = "<group>"; };
		224502192DC1F5E400D09188 /* NewsCoordinator.swift */ = {isa = PBXFileReference; lastKnownFileType = sourcecode.swift; path = NewsCoordinator.swift; sourceTree = "<group>"; };
		2245021B2DC1FF1D00D09188 /* NewsEndPoint.swift */ = {isa = PBXFileReference; lastKnownFileType = sourcecode.swift; path = NewsEndPoint.swift; sourceTree = "<group>"; };
		2245021E2DC1FFA600D09188 /* NewsRequestModel.swift */ = {isa = PBXFileReference; lastKnownFileType = sourcecode.swift; path = NewsRequestModel.swift; sourceTree = "<group>"; };
		224502212DC2006900D09188 /* NewsResponseModel.swift */ = {isa = PBXFileReference; lastKnownFileType = sourcecode.swift; path = NewsResponseModel.swift; sourceTree = "<group>"; };
		224502232DC200D600D09188 /* ArticleItemModel.swift */ = {isa = PBXFileReference; lastKnownFileType = sourcecode.swift; path = ArticleItemModel.swift; sourceTree = "<group>"; };
		224502272DC20B9600D09188 /* NewsItemCell.xib */ = {isa = PBXFileReference; lastKnownFileType = file.xib; path = NewsItemCell.xib; sourceTree = "<group>"; };
		224502292DC20C1900D09188 /* NewsItemCell.swift */ = {isa = PBXFileReference; lastKnownFileType = sourcecode.swift; path = NewsItemCell.swift; sourceTree = "<group>"; };
		2245022D2DC226A300D09188 /* UIImageView+Ext.swift */ = {isa = PBXFileReference; lastKnownFileType = sourcecode.swift; path = "UIImageView+Ext.swift"; sourceTree = "<group>"; };
		224718BA2DC11F6600075E75 /* Category.swift */ = {isa = PBXFileReference; lastKnownFileType = sourcecode.swift; path = Category.swift; sourceTree = "<group>"; };
		224718BD2DC12B0200075E75 /* GridFlowLayout.swift */ = {isa = PBXFileReference; lastKnownFileType = sourcecode.swift; path = GridFlowLayout.swift; sourceTree = "<group>"; };
		224718C12DC12B7D00075E75 /* CategoryItemCell.xib */ = {isa = PBXFileReference; lastKnownFileType = file.xib; path = CategoryItemCell.xib; sourceTree = "<group>"; };
		224718C32DC12B9A00075E75 /* CategoryItemCell.swift */ = {isa = PBXFileReference; lastKnownFileType = sourcecode.swift; path = CategoryItemCell.swift; sourceTree = "<group>"; };
		224718C62DC13B6B00075E75 /* UIView+Nib.swift */ = {isa = PBXFileReference; lastKnownFileType = sourcecode.swift; path = "UIView+Nib.swift"; sourceTree = "<group>"; };
		224718C92DC13D4100075E75 /* Images.xcassets */ = {isa = PBXFileReference; lastKnownFileType = folder.assetcatalog; path = Images.xcassets; sourceTree = "<group>"; };
		224718CB2DC13E9400075E75 /* UIImage+Images.swift */ = {isa = PBXFileReference; lastKnownFileType = sourcecode.swift; path = "UIImage+Images.swift"; sourceTree = "<group>"; };
		225321102DC1B715002245F5 /* UIViewController+Ext.swift */ = {isa = PBXFileReference; lastKnownFileType = sourcecode.swift; path = "UIViewController+Ext.swift"; sourceTree = "<group>"; };
		225321122DC1B76F002245F5 /* UINavigationController.swift */ = {isa = PBXFileReference; lastKnownFileType = sourcecode.swift; path = UINavigationController.swift; sourceTree = "<group>"; };
		225321142DC1B855002245F5 /* Icons.xcassets */ = {isa = PBXFileReference; lastKnownFileType = folder.assetcatalog; path = Icons.xcassets; sourceTree = "<group>"; };
		225321162DC1B885002245F5 /* UIImage+Icons.swift */ = {isa = PBXFileReference; lastKnownFileType = sourcecode.swift; path = "UIImage+Icons.swift"; sourceTree = "<group>"; };
		2253211D2DC1BA09002245F5 /* SourceInjection.swift */ = {isa = PBXFileReference; lastKnownFileType = sourcecode.swift; path = SourceInjection.swift; sourceTree = "<group>"; };
		2253211F2DC1BA47002245F5 /* SourceService.swift */ = {isa = PBXFileReference; lastKnownFileType = sourcecode.swift; path = SourceService.swift; sourceTree = "<group>"; };
		225321212DC1BA7F002245F5 /* SourceViewModel.swift */ = {isa = PBXFileReference; lastKnownFileType = sourcecode.swift; path = SourceViewModel.swift; sourceTree = "<group>"; };
		225321232DC1BAB0002245F5 /* SourceCoordinator.swift */ = {isa = PBXFileReference; lastKnownFileType = sourcecode.swift; path = SourceCoordinator.swift; sourceTree = "<group>"; };
		225321252DC1BB20002245F5 /* SourceViewController.swift */ = {isa = PBXFileReference; lastKnownFileType = sourcecode.swift; path = SourceViewController.swift; sourceTree = "<group>"; };
		225321272DC1BB84002245F5 /* SourceView.xib */ = {isa = PBXFileReference; lastKnownFileType = file.xib; path = SourceView.xib; sourceTree = "<group>"; };
		5D5114B6624B92FB68C067C1 /* Pods_News_AppTests.framework */ = {isa = PBXFileReference; explicitFileType = wrapper.framework; includeInIndex = 0; path = Pods_News_AppTests.framework; sourceTree = BUILT_PRODUCTS_DIR; };
		5F3ACEB5DC8A87AFB61ECC1A /* Pods-News-App-News-AppUITests.debug.xcconfig */ = {isa = PBXFileReference; includeInIndex = 1; lastKnownFileType = text.xcconfig; name = "Pods-News-App-News-AppUITests.debug.xcconfig"; path = "Target Support Files/Pods-News-App-News-AppUITests/Pods-News-App-News-AppUITests.debug.xcconfig"; sourceTree = "<group>"; };
		6033BAAC291025A2B8604364 /* Pods-News-App.debug.xcconfig */ = {isa = PBXFileReference; includeInIndex = 1; lastKnownFileType = text.xcconfig; name = "Pods-News-App.debug.xcconfig"; path = "Target Support Files/Pods-News-App/Pods-News-App.debug.xcconfig"; sourceTree = "<group>"; };
		8B173BD3979D46BBEFFFA32B /* Pods_News_App_News_AppUITests.framework */ = {isa = PBXFileReference; explicitFileType = wrapper.framework; includeInIndex = 0; path = Pods_News_App_News_AppUITests.framework; sourceTree = BUILT_PRODUCTS_DIR; };
		9C6393EF3100F5C67375A869 /* Pods-News-AppTests.debug.xcconfig */ = {isa = PBXFileReference; includeInIndex = 1; lastKnownFileType = text.xcconfig; name = "Pods-News-AppTests.debug.xcconfig"; path = "Target Support Files/Pods-News-AppTests/Pods-News-AppTests.debug.xcconfig"; sourceTree = "<group>"; };
		A68D1BFA186333B491A818DE /* Pods-News-App-News-AppUITests.release.xcconfig */ = {isa = PBXFileReference; includeInIndex = 1; lastKnownFileType = text.xcconfig; name = "Pods-News-App-News-AppUITests.release.xcconfig"; path = "Target Support Files/Pods-News-App-News-AppUITests/Pods-News-App-News-AppUITests.release.xcconfig"; sourceTree = "<group>"; };
		CC627EC6A8C8C4F02405A8CF /* Pods-News-App.release.xcconfig */ = {isa = PBXFileReference; includeInIndex = 1; lastKnownFileType = text.xcconfig; name = "Pods-News-App.release.xcconfig"; path = "Target Support Files/Pods-News-App/Pods-News-App.release.xcconfig"; sourceTree = "<group>"; };
/* End PBXFileReference section */

/* Begin PBXFrameworksBuildPhase section */
		2214B1A62DC0B02000DEF217 /* Frameworks */ = {
			isa = PBXFrameworksBuildPhase;
			buildActionMask = 2147483647;
			files = (
				DBDDE32BABD388D5AA7DD2CF /* Pods_News_App.framework in Frameworks */,
			);
			runOnlyForDeploymentPostprocessing = 0;
		};
		2214B1BC2DC0B02500DEF217 /* Frameworks */ = {
			isa = PBXFrameworksBuildPhase;
			buildActionMask = 2147483647;
			files = (
				FD82AC1078ADA129C0AA7687 /* Pods_News_AppTests.framework in Frameworks */,
			);
			runOnlyForDeploymentPostprocessing = 0;
		};
		2214B1C62DC0B02500DEF217 /* Frameworks */ = {
			isa = PBXFrameworksBuildPhase;
			buildActionMask = 2147483647;
			files = (
				8B5766071E1FA8817BF7A374 /* Pods_News_App_News_AppUITests.framework in Frameworks */,
			);
			runOnlyForDeploymentPostprocessing = 0;
		};
/* End PBXFrameworksBuildPhase section */

/* Begin PBXGroup section */
		2214B1A02DC0B02000DEF217 = {
			isa = PBXGroup;
			children = (
				2214B1AB2DC0B02000DEF217 /* News-App */,
				2214B1C22DC0B02500DEF217 /* News-AppTests */,
				2214B1CC2DC0B02500DEF217 /* News-AppUITests */,
				2214B1AA2DC0B02000DEF217 /* Products */,
				2574C4F1AFB741D0A5CED19A /* Pods */,
				31D8F96716907B64E2B77367 /* Frameworks */,
			);
			sourceTree = "<group>";
		};
		2214B1AA2DC0B02000DEF217 /* Products */ = {
			isa = PBXGroup;
			children = (
				2214B1A92DC0B02000DEF217 /* News App dev.app */,
				2214B1BF2DC0B02500DEF217 /* News-AppTests.xctest */,
				2214B1C92DC0B02500DEF217 /* News-AppUITests.xctest */,
			);
			name = Products;
			sourceTree = "<group>";
		};
		2214B1AB2DC0B02000DEF217 /* News-App */ = {
			isa = PBXGroup;
			children = (
				2214B1DC2DC0B0CC00DEF217 /* Application */,
				2214B1DD2DC0B0E000DEF217 /* Cores */,
				2214B1DE2DC0B0E500DEF217 /* Moduls */,
				2214B1B02DC0B02000DEF217 /* ViewController.swift */,
				2214B1B22DC0B02000DEF217 /* Main.storyboard */,
				2214B1B72DC0B02500DEF217 /* LaunchScreen.storyboard */,
			);
			path = "News-App";
			sourceTree = "<group>";
		};
		2214B1C22DC0B02500DEF217 /* News-AppTests */ = {
			isa = PBXGroup;
			children = (
				2214B1C32DC0B02500DEF217 /* News_AppTests.swift */,
			);
			path = "News-AppTests";
			sourceTree = "<group>";
		};
		2214B1CC2DC0B02500DEF217 /* News-AppUITests */ = {
			isa = PBXGroup;
			children = (
				2214B1CD2DC0B02500DEF217 /* News_AppUITests.swift */,
				2214B1CF2DC0B02500DEF217 /* News_AppUITestsLaunchTests.swift */,
			);
			path = "News-AppUITests";
			sourceTree = "<group>";
		};
		2214B1DC2DC0B0CC00DEF217 /* Application */ = {
			isa = PBXGroup;
			children = (
				2214B1AC2DC0B02000DEF217 /* AppDelegate.swift */,
				2214B1AE2DC0B02000DEF217 /* SceneDelegate.swift */,
			);
			path = Application;
			sourceTree = "<group>";
		};
		2214B1DD2DC0B0E000DEF217 /* Cores */ = {
			isa = PBXGroup;
			children = (
				2214B1E42DC0C15500DEF217 /* Configs */,
				2214B1DF2DC0C06E00DEF217 /* Coordinators */,
				2214B1E02DC0C07C00DEF217 /* Endpoints */,
				2214B1E12DC0C08300DEF217 /* Models */,
				2214B1E22DC0C0A000DEF217 /* Networks */,
				2214B1EC2DC0CAA500DEF217 /* Resources */,
				2214B1E32DC0C0D700DEF217 /* Utils */,
			);
			path = Cores;
			sourceTree = "<group>";
		};
		2214B1DE2DC0B0E500DEF217 /* Moduls */ = {
			isa = PBXGroup;
			children = (
				2245020A2DC1E76C00D09188 /* News */,
				225321182DC1B9D3002245F5 /* Source */,
				2214B1F72DC0D5D700DEF217 /* Main */,
			);
			path = Moduls;
			sourceTree = "<group>";
		};
		2214B1DF2DC0C06E00DEF217 /* Coordinators */ = {
			isa = PBXGroup;
			children = (
				2214B1F12DC0D3A300DEF217 /* Coordinator.swift */,
				2214B1F32DC0D4B900DEF217 /* AppCoordinator.swift */,
				2214B1F52DC0D53F00DEF217 /* MainCoordinator.swift */,
				225321232DC1BAB0002245F5 /* SourceCoordinator.swift */,
				224502192DC1F5E400D09188 /* NewsCoordinator.swift */,
			);
			path = Coordinators;
			sourceTree = "<group>";
		};
		2214B1E02DC0C07C00DEF217 /* Endpoints */ = {
			isa = PBXGroup;
			children = (
				223AD5B52DC1C5D8003F1A62 /* SourceEndPoint.swift */,
				2245021B2DC1FF1D00D09188 /* NewsEndPoint.swift */,
			);
			path = Endpoints;
			sourceTree = "<group>";
		};
		2214B1E12DC0C08300DEF217 /* Models */ = {
			isa = PBXGroup;
			children = (
				221648922DC1C7250093D561 /* Requests */,
				223AD5B72DC1C6E3003F1A62 /* Responses */,
			);
			path = Models;
			sourceTree = "<group>";
		};
		2214B1E22DC0C0A000DEF217 /* Networks */ = {
			isa = PBXGroup;
			children = (
				2214B1EA2DC0CA2B00DEF217 /* Endpoint.swift */,
				2214B1ED2DC0CDCB00DEF217 /* HttpClient.swift */,
				2214B1EF2DC0CE3C00DEF217 /* ResponseError.swift */,
			);
			path = Networks;
			sourceTree = "<group>";
		};
		2214B1E32DC0C0D700DEF217 /* Utils */ = {
			isa = PBXGroup;
			children = (
				224501FE2DC1D77A00D09188 /* SharedView */,
				221648962DC1C98A0093D561 /* Enums */,
				2214B2072DC0D90600DEF217 /* BaseView */,
				224718B92DC11F5500075E75 /* Constants */,
				224718C52DC13B5600075E75 /* Extensions */,
				224718BF2DC12B0B00075E75 /* FlowLayout */,
			);
			path = Utils;
			sourceTree = "<group>";
		};
		2214B1E42DC0C15500DEF217 /* Configs */ = {
			isa = PBXGroup;
			children = (
				2214B1BA2DC0B02500DEF217 /* Info.plist */,
				2214B1E52DC0C33000DEF217 /* Base.xcconfig */,
				2214B1E62DC0C3D400DEF217 /* Production.xcconfig */,
				2214B1E72DC0C41000DEF217 /* Development.xcconfig */,
				2214B1E82DC0C8CF00DEF217 /* Environment.swift */,
			);
			path = Configs;
			sourceTree = "<group>";
		};
		2214B1EC2DC0CAA500DEF217 /* Resources */ = {
			isa = PBXGroup;
			children = (
				224718C82DC13D0A00075E75 /* Assets */,
			);
			path = Resources;
			sourceTree = "<group>";
		};
		2214B1F72DC0D5D700DEF217 /* Main */ = {
			isa = PBXGroup;
			children = (
				2214B1F82DC0D5F500DEF217 /* DI */,
				2214B1F92DC0D60300DEF217 /* Services */,
				2214B1FA2DC0D60900DEF217 /* View */,
				2214B1FB2DC0D61F00DEF217 /* ViewModel */,
			);
			path = Main;
			sourceTree = "<group>";
		};
		2214B1F82DC0D5F500DEF217 /* DI */ = {
			isa = PBXGroup;
			children = (
				2214B2012DC0D7FD00DEF217 /* MainInjection.swift */,
			);
			path = DI;
			sourceTree = "<group>";
		};
		2214B1F92DC0D60300DEF217 /* Services */ = {
			isa = PBXGroup;
			children = (
				2214B1FF2DC0D7A700DEF217 /* MainService.swift */,
			);
			path = Services;
			sourceTree = "<group>";
		};
		2214B1FA2DC0D60900DEF217 /* View */ = {
			isa = PBXGroup;
			children = (
				224718BC2DC12AC200075E75 /* Components */,
				2214B2032DC0D85E00DEF217 /* MainView.xib */,
				2214B2052DC0D88800DEF217 /* MainViewController.swift */,
			);
			path = View;
			sourceTree = "<group>";
		};
		2214B1FB2DC0D61F00DEF217 /* ViewModel */ = {
			isa = PBXGroup;
			children = (
				2214B1FC2DC0D70400DEF217 /* MainViewModel.swift */,
			);
			path = ViewModel;
			sourceTree = "<group>";
		};
		2214B2072DC0D90600DEF217 /* BaseView */ = {
			isa = PBXGroup;
			children = (
				2214B2082DC0D92700DEF217 /* BaseViewController.swift */,
			);
			path = BaseView;
			sourceTree = "<group>";
		};
		221648922DC1C7250093D561 /* Requests */ = {
			isa = PBXGroup;
			children = (
				2245021D2DC1FF8F00D09188 /* News */,
				221648932DC1C7340093D561 /* Source */,
			);
			path = Requests;
			sourceTree = "<group>";
		};
		221648932DC1C7340093D561 /* Source */ = {
			isa = PBXGroup;
			children = (
				221648942DC1C74B0093D561 /* SourceRequestModel.swift */,
			);
			path = Source;
			sourceTree = "<group>";
		};
		221648962DC1C98A0093D561 /* Enums */ = {
			isa = PBXGroup;
			children = (
				221648972DC1C99B0093D561 /* RequestState.swift */,
			);
			path = Enums;
			sourceTree = "<group>";
		};
		2216489B2DC1CF410093D561 /* Components */ = {
			isa = PBXGroup;
			children = (
				2216489C2DC1CF4D0093D561 /* SourceItemCell */,
				224502052DC1E39300D09188 /* SourceShimmerCell */,
			);
			path = Components;
			sourceTree = "<group>";
		};
		2216489C2DC1CF4D0093D561 /* SourceItemCell */ = {
			isa = PBXGroup;
			children = (
				2216489D2DC1CF780093D561 /* SourceItemCell.xib */,
				2216489F2DC1CFB60093D561 /* SourceItemCell.swift */,
			);
			path = SourceItemCell;
			sourceTree = "<group>";
		};
		223AD5B02DC1C337003F1A62 /* Source */ = {
			isa = PBXGroup;
			children = (
				223AD5B12DC1C4AB003F1A62 /* SourceResponseModel.swift */,
				223AD5B32DC1C4F9003F1A62 /* SourceItemModel.swift */,
			);
			path = Source;
			sourceTree = "<group>";
		};
		223AD5B72DC1C6E3003F1A62 /* Responses */ = {
			isa = PBXGroup;
			children = (
				224502202DC2005C00D09188 /* News */,
				223AD5B02DC1C337003F1A62 /* Source */,
			);
			path = Responses;
			sourceTree = "<group>";
		};
		224501FE2DC1D77A00D09188 /* SharedView */ = {
			isa = PBXGroup;
			children = (
				224501FF2DC1D79300D09188 /* Chip */,
			);
			path = SharedView;
			sourceTree = "<group>";
		};
		224501FF2DC1D79300D09188 /* Chip */ = {
			isa = PBXGroup;
			children = (
				224502012DC1D7AF00D09188 /* GeneralChipView.swift */,
			);
			path = Chip;
			sourceTree = "<group>";
		};
		224502052DC1E39300D09188 /* SourceShimmerCell */ = {
			isa = PBXGroup;
			children = (
				224502062DC1E3B500D09188 /* SourceShimmerCell.xib */,
				224502082DC1E3C500D09188 /* SourceShimmerCell.swift */,
			);
			path = SourceShimmerCell;
			sourceTree = "<group>";
		};
		2245020A2DC1E76C00D09188 /* News */ = {
			isa = PBXGroup;
			children = (
				2245020B2DC1E78600D09188 /* DI */,
				2245020C2DC1E78B00D09188 /* Service */,
				2245020D2DC1E79000D09188 /* View */,
				2245020E2DC1E79600D09188 /* ViewModel */,
			);
			path = News;
			sourceTree = "<group>";
		};
		2245020B2DC1E78600D09188 /* DI */ = {
			isa = PBXGroup;
			children = (
				2245020F2DC1E7C000D09188 /* NewsInjection.swift */,
			);
			path = DI;
			sourceTree = "<group>";
		};
		2245020C2DC1E78B00D09188 /* Service */ = {
			isa = PBXGroup;
			children = (
				224502112DC1E7F500D09188 /* NewsService.swift */,
			);
			path = Service;
			sourceTree = "<group>";
		};
		2245020D2DC1E79000D09188 /* View */ = {
			isa = PBXGroup;
			children = (
				224502252DC20B6F00D09188 /* Components */,
				224502152DC1E87200D09188 /* NewsView.xib */,
				224502172DC1E88300D09188 /* NewsViewController.swift */,
			);
			path = View;
			sourceTree = "<group>";
		};
		2245020E2DC1E79600D09188 /* ViewModel */ = {
			isa = PBXGroup;
			children = (
				224502132DC1E82700D09188 /* NewsViewModel.swift */,
			);
			path = ViewModel;
			sourceTree = "<group>";
		};
		2245021D2DC1FF8F00D09188 /* News */ = {
			isa = PBXGroup;
			children = (
				2245021E2DC1FFA600D09188 /* NewsRequestModel.swift */,
			);
			path = News;
			sourceTree = "<group>";
		};
		224502202DC2005C00D09188 /* News */ = {
			isa = PBXGroup;
			children = (
				224502212DC2006900D09188 /* NewsResponseModel.swift */,
				224502232DC200D600D09188 /* ArticleItemModel.swift */,
			);
			path = News;
			sourceTree = "<group>";
		};
		224502252DC20B6F00D09188 /* Components */ = {
			isa = PBXGroup;
			children = (
				224502262DC20B7C00D09188 /* NewsItemCell */,
			);
			path = Components;
			sourceTree = "<group>";
		};
		224502262DC20B7C00D09188 /* NewsItemCell */ = {
			isa = PBXGroup;
			children = (
				224502272DC20B9600D09188 /* NewsItemCell.xib */,
				224502292DC20C1900D09188 /* NewsItemCell.swift */,
			);
			path = NewsItemCell;
			sourceTree = "<group>";
		};
		224718B92DC11F5500075E75 /* Constants */ = {
			isa = PBXGroup;
			children = (
				224718BA2DC11F6600075E75 /* Category.swift */,
			);
			path = Constants;
			sourceTree = "<group>";
		};
		224718BC2DC12AC200075E75 /* Components */ = {
			isa = PBXGroup;
			children = (
				224718C02DC12B5100075E75 /* CategoryItemCell */,
			);
			path = Components;
			sourceTree = "<group>";
		};
		224718BF2DC12B0B00075E75 /* FlowLayout */ = {
			isa = PBXGroup;
			children = (
				224718BD2DC12B0200075E75 /* GridFlowLayout.swift */,
				221648992DC1CD7A0093D561 /* CustomFlowLayout.swift */,
			);
			path = FlowLayout;
			sourceTree = "<group>";
		};
		224718C02DC12B5100075E75 /* CategoryItemCell */ = {
			isa = PBXGroup;
			children = (
				224718C12DC12B7D00075E75 /* CategoryItemCell.xib */,
				224718C32DC12B9A00075E75 /* CategoryItemCell.swift */,
			);
			path = CategoryItemCell;
			sourceTree = "<group>";
		};
		224718C52DC13B5600075E75 /* Extensions */ = {
			isa = PBXGroup;
			children = (
				224718C62DC13B6B00075E75 /* UIView+Nib.swift */,
				225321102DC1B715002245F5 /* UIViewController+Ext.swift */,
				225321122DC1B76F002245F5 /* UINavigationController.swift */,
				224502032DC1DBAF00D09188 /* UIStackView+Ext.swift */,
				2245022D2DC226A300D09188 /* UIImageView+Ext.swift */,
			);
			path = Extensions;
			sourceTree = "<group>";
		};
		224718C82DC13D0A00075E75 /* Assets */ = {
			isa = PBXGroup;
			children = (
				2214B1B52DC0B02500DEF217 /* Assets.xcassets */,
				225321142DC1B855002245F5 /* Icons.xcassets */,
				224718C92DC13D4100075E75 /* Images.xcassets */,
				225321162DC1B885002245F5 /* UIImage+Icons.swift */,
				224718CB2DC13E9400075E75 /* UIImage+Images.swift */,
			);
			path = Assets;
			sourceTree = "<group>";
		};
		225321182DC1B9D3002245F5 /* Source */ = {
			isa = PBXGroup;
			children = (
				225321192DC1B9DF002245F5 /* DI */,
				2253211A2DC1B9E4002245F5 /* Service */,
				2253211B2DC1B9E9002245F5 /* View */,
				2253211C2DC1B9ED002245F5 /* ViewModel */,
			);
			path = Source;
			sourceTree = "<group>";
		};
		225321192DC1B9DF002245F5 /* DI */ = {
			isa = PBXGroup;
			children = (
				2253211D2DC1BA09002245F5 /* SourceInjection.swift */,
			);
			path = DI;
			sourceTree = "<group>";
		};
		2253211A2DC1B9E4002245F5 /* Service */ = {
			isa = PBXGroup;
			children = (
				2253211F2DC1BA47002245F5 /* SourceService.swift */,
			);
			path = Service;
			sourceTree = "<group>";
		};
		2253211B2DC1B9E9002245F5 /* View */ = {
			isa = PBXGroup;
			children = (
				2216489B2DC1CF410093D561 /* Components */,
				225321272DC1BB84002245F5 /* SourceView.xib */,
				225321252DC1BB20002245F5 /* SourceViewController.swift */,
			);
			path = View;
			sourceTree = "<group>";
		};
		2253211C2DC1B9ED002245F5 /* ViewModel */ = {
			isa = PBXGroup;
			children = (
				225321212DC1BA7F002245F5 /* SourceViewModel.swift */,
			);
			path = ViewModel;
			sourceTree = "<group>";
		};
		2574C4F1AFB741D0A5CED19A /* Pods */ = {
			isa = PBXGroup;
			children = (
				6033BAAC291025A2B8604364 /* Pods-News-App.debug.xcconfig */,
				CC627EC6A8C8C4F02405A8CF /* Pods-News-App.release.xcconfig */,
				5F3ACEB5DC8A87AFB61ECC1A /* Pods-News-App-News-AppUITests.debug.xcconfig */,
				A68D1BFA186333B491A818DE /* Pods-News-App-News-AppUITests.release.xcconfig */,
				9C6393EF3100F5C67375A869 /* Pods-News-AppTests.debug.xcconfig */,
				043966732F7A62F52AEBC287 /* Pods-News-AppTests.release.xcconfig */,
			);
			path = Pods;
			sourceTree = "<group>";
		};
		31D8F96716907B64E2B77367 /* Frameworks */ = {
			isa = PBXGroup;
			children = (
				0060D3808A7F6FB8CE3D2B64 /* Pods_News_App.framework */,
				8B173BD3979D46BBEFFFA32B /* Pods_News_App_News_AppUITests.framework */,
				5D5114B6624B92FB68C067C1 /* Pods_News_AppTests.framework */,
			);
			name = Frameworks;
			sourceTree = "<group>";
		};
/* End PBXGroup section */

/* Begin PBXNativeTarget section */
		2214B1A82DC0B02000DEF217 /* News-App */ = {
			isa = PBXNativeTarget;
			buildConfigurationList = 2214B1D32DC0B02500DEF217 /* Build configuration list for PBXNativeTarget "News-App" */;
			buildPhases = (
				17D1EF07CC97FEBEC9943EDE /* [CP] Check Pods Manifest.lock */,
				2214B1A52DC0B02000DEF217 /* Sources */,
				2214B1A62DC0B02000DEF217 /* Frameworks */,
				2214B1A72DC0B02000DEF217 /* Resources */,
				56220346BE1A589FD84366E3 /* [CP] Embed Pods Frameworks */,
			);
			buildRules = (
			);
			dependencies = (
			);
			name = "News-App";
			productName = "News-App";
			productReference = 2214B1A92DC0B02000DEF217 /* News App dev.app */;
			productType = "com.apple.product-type.application";
		};
		2214B1BE2DC0B02500DEF217 /* News-AppTests */ = {
			isa = PBXNativeTarget;
			buildConfigurationList = 2214B1D62DC0B02500DEF217 /* Build configuration list for PBXNativeTarget "News-AppTests" */;
			buildPhases = (
				1087C3566FD92B580B55B2FE /* [CP] Check Pods Manifest.lock */,
				2214B1BB2DC0B02500DEF217 /* Sources */,
				2214B1BC2DC0B02500DEF217 /* Frameworks */,
				2214B1BD2DC0B02500DEF217 /* Resources */,
			);
			buildRules = (
			);
			dependencies = (
				2214B1C12DC0B02500DEF217 /* PBXTargetDependency */,
			);
			name = "News-AppTests";
			productName = "News-AppTests";
			productReference = 2214B1BF2DC0B02500DEF217 /* News-AppTests.xctest */;
			productType = "com.apple.product-type.bundle.unit-test";
		};
		2214B1C82DC0B02500DEF217 /* News-AppUITests */ = {
			isa = PBXNativeTarget;
			buildConfigurationList = 2214B1D92DC0B02500DEF217 /* Build configuration list for PBXNativeTarget "News-AppUITests" */;
			buildPhases = (
				5245E5A30BC6F4E0272530B2 /* [CP] Check Pods Manifest.lock */,
				2214B1C52DC0B02500DEF217 /* Sources */,
				2214B1C62DC0B02500DEF217 /* Frameworks */,
				2214B1C72DC0B02500DEF217 /* Resources */,
				64AF32587842959E1CF4E617 /* [CP] Embed Pods Frameworks */,
			);
			buildRules = (
			);
			dependencies = (
				2214B1CB2DC0B02500DEF217 /* PBXTargetDependency */,
			);
			name = "News-AppUITests";
			productName = "News-AppUITests";
			productReference = 2214B1C92DC0B02500DEF217 /* News-AppUITests.xctest */;
			productType = "com.apple.product-type.bundle.ui-testing";
		};
/* End PBXNativeTarget section */

/* Begin PBXProject section */
		2214B1A12DC0B02000DEF217 /* Project object */ = {
			isa = PBXProject;
			attributes = {
				BuildIndependentTargetsInParallel = 1;
				LastSwiftUpdateCheck = 1420;
				LastUpgradeCheck = 1420;
				TargetAttributes = {
					2214B1A82DC0B02000DEF217 = {
						CreatedOnToolsVersion = 14.2;
					};
					2214B1BE2DC0B02500DEF217 = {
						CreatedOnToolsVersion = 14.2;
						TestTargetID = 2214B1A82DC0B02000DEF217;
					};
					2214B1C82DC0B02500DEF217 = {
						CreatedOnToolsVersion = 14.2;
						TestTargetID = 2214B1A82DC0B02000DEF217;
					};
				};
			};
			buildConfigurationList = 2214B1A42DC0B02000DEF217 /* Build configuration list for PBXProject "News-App" */;
			compatibilityVersion = "Xcode 14.0";
			developmentRegion = en;
			hasScannedForEncodings = 0;
			knownRegions = (
				en,
				Base,
			);
			mainGroup = 2214B1A02DC0B02000DEF217;
			productRefGroup = 2214B1AA2DC0B02000DEF217 /* Products */;
			projectDirPath = "";
			projectRoot = "";
			targets = (
				2214B1A82DC0B02000DEF217 /* News-App */,
				2214B1BE2DC0B02500DEF217 /* News-AppTests */,
				2214B1C82DC0B02500DEF217 /* News-AppUITests */,
			);
		};
/* End PBXProject section */

/* Begin PBXResourcesBuildPhase section */
		2214B1A72DC0B02000DEF217 /* Resources */ = {
			isa = PBXResourcesBuildPhase;
			buildActionMask = 2147483647;
			files = (
				224502162DC1E87200D09188 /* NewsView.xib in Resources */,
				2214B1B92DC0B02500DEF217 /* LaunchScreen.storyboard in Resources */,
				224718C22DC12B7D00075E75 /* CategoryItemCell.xib in Resources */,
				2216489E2DC1CF780093D561 /* SourceItemCell.xib in Resources */,
				225321152DC1B855002245F5 /* Icons.xcassets in Resources */,
				225321282DC1BB84002245F5 /* SourceView.xib in Resources */,
				2214B2042DC0D85E00DEF217 /* MainView.xib in Resources */,
				224502072DC1E3B500D09188 /* SourceShimmerCell.xib in Resources */,
				2214B1B62DC0B02500DEF217 /* Assets.xcassets in Resources */,
				224502282DC20B9600D09188 /* NewsItemCell.xib in Resources */,
				224718CA2DC13D4100075E75 /* Images.xcassets in Resources */,
				2214B1B42DC0B02000DEF217 /* Main.storyboard in Resources */,
			);
			runOnlyForDeploymentPostprocessing = 0;
		};
		2214B1BD2DC0B02500DEF217 /* Resources */ = {
			isa = PBXResourcesBuildPhase;
			buildActionMask = 2147483647;
			files = (
			);
			runOnlyForDeploymentPostprocessing = 0;
		};
		2214B1C72DC0B02500DEF217 /* Resources */ = {
			isa = PBXResourcesBuildPhase;
			buildActionMask = 2147483647;
			files = (
			);
			runOnlyForDeploymentPostprocessing = 0;
		};
/* End PBXResourcesBuildPhase section */

/* Begin PBXShellScriptBuildPhase section */
		1087C3566FD92B580B55B2FE /* [CP] Check Pods Manifest.lock */ = {
			isa = PBXShellScriptBuildPhase;
			buildActionMask = 2147483647;
			files = (
			);
			inputFileListPaths = (
			);
			inputPaths = (
				"${PODS_PODFILE_DIR_PATH}/Podfile.lock",
				"${PODS_ROOT}/Manifest.lock",
			);
			name = "[CP] Check Pods Manifest.lock";
			outputFileListPaths = (
			);
			outputPaths = (
				"$(DERIVED_FILE_DIR)/Pods-News-AppTests-checkManifestLockResult.txt",
			);
			runOnlyForDeploymentPostprocessing = 0;
			shellPath = /bin/sh;
			shellScript = "diff \"${PODS_PODFILE_DIR_PATH}/Podfile.lock\" \"${PODS_ROOT}/Manifest.lock\" > /dev/null\nif [ $? != 0 ] ; then\n    # print error to STDERR\n    echo \"error: The sandbox is not in sync with the Podfile.lock. Run 'pod install' or update your CocoaPods installation.\" >&2\n    exit 1\nfi\n# This output is used by Xcode 'outputs' to avoid re-running this script phase.\necho \"SUCCESS\" > \"${SCRIPT_OUTPUT_FILE_0}\"\n";
			showEnvVarsInLog = 0;
		};
		17D1EF07CC97FEBEC9943EDE /* [CP] Check Pods Manifest.lock */ = {
			isa = PBXShellScriptBuildPhase;
			buildActionMask = 2147483647;
			files = (
			);
			inputFileListPaths = (
			);
			inputPaths = (
				"${PODS_PODFILE_DIR_PATH}/Podfile.lock",
				"${PODS_ROOT}/Manifest.lock",
			);
			name = "[CP] Check Pods Manifest.lock";
			outputFileListPaths = (
			);
			outputPaths = (
				"$(DERIVED_FILE_DIR)/Pods-News-App-checkManifestLockResult.txt",
			);
			runOnlyForDeploymentPostprocessing = 0;
			shellPath = /bin/sh;
			shellScript = "diff \"${PODS_PODFILE_DIR_PATH}/Podfile.lock\" \"${PODS_ROOT}/Manifest.lock\" > /dev/null\nif [ $? != 0 ] ; then\n    # print error to STDERR\n    echo \"error: The sandbox is not in sync with the Podfile.lock. Run 'pod install' or update your CocoaPods installation.\" >&2\n    exit 1\nfi\n# This output is used by Xcode 'outputs' to avoid re-running this script phase.\necho \"SUCCESS\" > \"${SCRIPT_OUTPUT_FILE_0}\"\n";
			showEnvVarsInLog = 0;
		};
		5245E5A30BC6F4E0272530B2 /* [CP] Check Pods Manifest.lock */ = {
			isa = PBXShellScriptBuildPhase;
			buildActionMask = 2147483647;
			files = (
			);
			inputFileListPaths = (
			);
			inputPaths = (
				"${PODS_PODFILE_DIR_PATH}/Podfile.lock",
				"${PODS_ROOT}/Manifest.lock",
			);
			name = "[CP] Check Pods Manifest.lock";
			outputFileListPaths = (
			);
			outputPaths = (
				"$(DERIVED_FILE_DIR)/Pods-News-App-News-AppUITests-checkManifestLockResult.txt",
			);
			runOnlyForDeploymentPostprocessing = 0;
			shellPath = /bin/sh;
			shellScript = "diff \"${PODS_PODFILE_DIR_PATH}/Podfile.lock\" \"${PODS_ROOT}/Manifest.lock\" > /dev/null\nif [ $? != 0 ] ; then\n    # print error to STDERR\n    echo \"error: The sandbox is not in sync with the Podfile.lock. Run 'pod install' or update your CocoaPods installation.\" >&2\n    exit 1\nfi\n# This output is used by Xcode 'outputs' to avoid re-running this script phase.\necho \"SUCCESS\" > \"${SCRIPT_OUTPUT_FILE_0}\"\n";
			showEnvVarsInLog = 0;
		};
		56220346BE1A589FD84366E3 /* [CP] Embed Pods Frameworks */ = {
			isa = PBXShellScriptBuildPhase;
			buildActionMask = 2147483647;
			files = (
			);
			inputFileListPaths = (
				"${PODS_ROOT}/Target Support Files/Pods-News-App/Pods-News-App-frameworks-${CONFIGURATION}-input-files.xcfilelist",
			);
			name = "[CP] Embed Pods Frameworks";
			outputFileListPaths = (
				"${PODS_ROOT}/Target Support Files/Pods-News-App/Pods-News-App-frameworks-${CONFIGURATION}-output-files.xcfilelist",
			);
			runOnlyForDeploymentPostprocessing = 0;
			shellPath = /bin/sh;
			shellScript = "\"${PODS_ROOT}/Target Support Files/Pods-News-App/Pods-News-App-frameworks.sh\"\n";
			showEnvVarsInLog = 0;
		};
		64AF32587842959E1CF4E617 /* [CP] Embed Pods Frameworks */ = {
			isa = PBXShellScriptBuildPhase;
			buildActionMask = 2147483647;
			files = (
			);
			inputFileListPaths = (
				"${PODS_ROOT}/Target Support Files/Pods-News-App-News-AppUITests/Pods-News-App-News-AppUITests-frameworks-${CONFIGURATION}-input-files.xcfilelist",
			);
			name = "[CP] Embed Pods Frameworks";
			outputFileListPaths = (
				"${PODS_ROOT}/Target Support Files/Pods-News-App-News-AppUITests/Pods-News-App-News-AppUITests-frameworks-${CONFIGURATION}-output-files.xcfilelist",
			);
			runOnlyForDeploymentPostprocessing = 0;
			shellPath = /bin/sh;
			shellScript = "\"${PODS_ROOT}/Target Support Files/Pods-News-App-News-AppUITests/Pods-News-App-News-AppUITests-frameworks.sh\"\n";
			showEnvVarsInLog = 0;
		};
/* End PBXShellScriptBuildPhase section */

/* Begin PBXSourcesBuildPhase section */
		2214B1A52DC0B02000DEF217 /* Sources */ = {
			isa = PBXSourcesBuildPhase;
			buildActionMask = 2147483647;
			files = (
				225321202DC1BA47002245F5 /* SourceService.swift in Sources */,
				224502242DC200D600D09188 /* ArticleItemModel.swift in Sources */,
				2214B1F22DC0D3A300DEF217 /* Coordinator.swift in Sources */,
				2214B1F62DC0D53F00DEF217 /* MainCoordinator.swift in Sources */,
				224502222DC2006900D09188 /* NewsResponseModel.swift in Sources */,
				225321112DC1B715002245F5 /* UIViewController+Ext.swift in Sources */,
				2214B2002DC0D7A700DEF217 /* MainService.swift in Sources */,
				225321222DC1BA7F002245F5 /* SourceViewModel.swift in Sources */,
				221648982DC1C99B0093D561 /* RequestState.swift in Sources */,
				224718C72DC13B6B00075E75 /* UIView+Nib.swift in Sources */,
				2214B1B12DC0B02000DEF217 /* ViewController.swift in Sources */,
				224502102DC1E7C000D09188 /* NewsInjection.swift in Sources */,
				2245021F2DC1FFA600D09188 /* NewsRequestModel.swift in Sources */,
				224502122DC1E7F500D09188 /* NewsService.swift in Sources */,
				2214B2022DC0D7FD00DEF217 /* MainInjection.swift in Sources */,
				2214B2092DC0D92700DEF217 /* BaseViewController.swift in Sources */,
				224502142DC1E82700D09188 /* NewsViewModel.swift in Sources */,
				2214B1E92DC0C8CF00DEF217 /* Environment.swift in Sources */,
				224718BB2DC11F6600075E75 /* Category.swift in Sources */,
				2214B1AD2DC0B02000DEF217 /* AppDelegate.swift in Sources */,
				2214B2062DC0D88800DEF217 /* MainViewController.swift in Sources */,
				223AD5B22DC1C4AB003F1A62 /* SourceResponseModel.swift in Sources */,
				2245021C2DC1FF1D00D09188 /* NewsEndPoint.swift in Sources */,
				2253211E2DC1BA09002245F5 /* SourceInjection.swift in Sources */,
				2214B1AF2DC0B02000DEF217 /* SceneDelegate.swift in Sources */,
				2245022A2DC20C1900D09188 /* NewsItemCell.swift in Sources */,
				225321132DC1B76F002245F5 /* UINavigationController.swift in Sources */,
				225321262DC1BB20002245F5 /* SourceViewController.swift in Sources */,
				224718BE2DC12B0200075E75 /* GridFlowLayout.swift in Sources */,
				224718C42DC12B9B00075E75 /* CategoryItemCell.swift in Sources */,
				2216489A2DC1CD7A0093D561 /* CustomFlowLayout.swift in Sources */,
				223AD5B62DC1C5D8003F1A62 /* SourceEndPoint.swift in Sources */,
				2214B1EE2DC0CDCB00DEF217 /* HttpClient.swift in Sources */,
				225321242DC1BAB0002245F5 /* SourceCoordinator.swift in Sources */,
				2245022E2DC226A300D09188 /* UIImageView+Ext.swift in Sources */,
				223AD5B42DC1C4F9003F1A62 /* SourceItemModel.swift in Sources */,
				2214B1F42DC0D4B900DEF217 /* AppCoordinator.swift in Sources */,
				225321172DC1B885002245F5 /* UIImage+Icons.swift in Sources */,
				2214B1EB2DC0CA2B00DEF217 /* Endpoint.swift in Sources */,
				224502042DC1DBAF00D09188 /* UIStackView+Ext.swift in Sources */,
				221648A02DC1CFB60093D561 /* SourceItemCell.swift in Sources */,
				224502092DC1E3C500D09188 /* SourceShimmerCell.swift in Sources */,
				2245021A2DC1F5E400D09188 /* NewsCoordinator.swift in Sources */,
				2214B1F02DC0CE3C00DEF217 /* ResponseError.swift in Sources */,
				224718CC2DC13E9400075E75 /* UIImage+Images.swift in Sources */,
				224502022DC1D7AF00D09188 /* GeneralChipView.swift in Sources */,
				224502182DC1E88300D09188 /* NewsViewController.swift in Sources */,
				221648952DC1C74B0093D561 /* SourceRequestModel.swift in Sources */,
				2214B1FD2DC0D70400DEF217 /* MainViewModel.swift in Sources */,
			);
			runOnlyForDeploymentPostprocessing = 0;
		};
		2214B1BB2DC0B02500DEF217 /* Sources */ = {
			isa = PBXSourcesBuildPhase;
			buildActionMask = 2147483647;
			files = (
				2214B1C42DC0B02500DEF217 /* News_AppTests.swift in Sources */,
			);
			runOnlyForDeploymentPostprocessing = 0;
		};
		2214B1C52DC0B02500DEF217 /* Sources */ = {
			isa = PBXSourcesBuildPhase;
			buildActionMask = 2147483647;
			files = (
				2214B1D02DC0B02500DEF217 /* News_AppUITestsLaunchTests.swift in Sources */,
				2214B1CE2DC0B02500DEF217 /* News_AppUITests.swift in Sources */,
			);
			runOnlyForDeploymentPostprocessing = 0;
		};
/* End PBXSourcesBuildPhase section */

/* Begin PBXTargetDependency section */
		2214B1C12DC0B02500DEF217 /* PBXTargetDependency */ = {
			isa = PBXTargetDependency;
			target = 2214B1A82DC0B02000DEF217 /* News-App */;
			targetProxy = 2214B1C02DC0B02500DEF217 /* PBXContainerItemProxy */;
		};
		2214B1CB2DC0B02500DEF217 /* PBXTargetDependency */ = {
			isa = PBXTargetDependency;
			target = 2214B1A82DC0B02000DEF217 /* News-App */;
			targetProxy = 2214B1CA2DC0B02500DEF217 /* PBXContainerItemProxy */;
		};
/* End PBXTargetDependency section */

/* Begin PBXVariantGroup section */
		2214B1B22DC0B02000DEF217 /* Main.storyboard */ = {
			isa = PBXVariantGroup;
			children = (
				2214B1B32DC0B02000DEF217 /* Base */,
			);
			name = Main.storyboard;
			sourceTree = "<group>";
		};
		2214B1B72DC0B02500DEF217 /* LaunchScreen.storyboard */ = {
			isa = PBXVariantGroup;
			children = (
				2214B1B82DC0B02500DEF217 /* Base */,
			);
			name = LaunchScreen.storyboard;
			sourceTree = "<group>";
		};
/* End PBXVariantGroup section */

/* Begin XCBuildConfiguration section */
		2214B1D12DC0B02500DEF217 /* Debug */ = {
			isa = XCBuildConfiguration;
			baseConfigurationReference = 2214B1E72DC0C41000DEF217 /* Development.xcconfig */;
			buildSettings = {
				ALWAYS_SEARCH_USER_PATHS = NO;
				CLANG_ANALYZER_NONNULL = YES;
				CLANG_ANALYZER_NUMBER_OBJECT_CONVERSION = YES_AGGRESSIVE;
				CLANG_CXX_LANGUAGE_STANDARD = "gnu++20";
				CLANG_ENABLE_MODULES = YES;
				CLANG_ENABLE_OBJC_ARC = YES;
				CLANG_ENABLE_OBJC_WEAK = YES;
				CLANG_WARN_BLOCK_CAPTURE_AUTORELEASING = YES;
				CLANG_WARN_BOOL_CONVERSION = YES;
				CLANG_WARN_COMMA = YES;
				CLANG_WARN_CONSTANT_CONVERSION = YES;
				CLANG_WARN_DEPRECATED_OBJC_IMPLEMENTATIONS = YES;
				CLANG_WARN_DIRECT_OBJC_ISA_USAGE = YES_ERROR;
				CLANG_WARN_DOCUMENTATION_COMMENTS = YES;
				CLANG_WARN_EMPTY_BODY = YES;
				CLANG_WARN_ENUM_CONVERSION = YES;
				CLANG_WARN_INFINITE_RECURSION = YES;
				CLANG_WARN_INT_CONVERSION = YES;
				CLANG_WARN_NON_LITERAL_NULL_CONVERSION = YES;
				CLANG_WARN_OBJC_IMPLICIT_RETAIN_SELF = YES;
				CLANG_WARN_OBJC_LITERAL_CONVERSION = YES;
				CLANG_WARN_OBJC_ROOT_CLASS = YES_ERROR;
				CLANG_WARN_QUOTED_INCLUDE_IN_FRAMEWORK_HEADER = YES;
				CLANG_WARN_RANGE_LOOP_ANALYSIS = YES;
				CLANG_WARN_STRICT_PROTOTYPES = YES;
				CLANG_WARN_SUSPICIOUS_MOVE = YES;
				CLANG_WARN_UNGUARDED_AVAILABILITY = YES_AGGRESSIVE;
				CLANG_WARN_UNREACHABLE_CODE = YES;
				CLANG_WARN__DUPLICATE_METHOD_MATCH = YES;
				COPY_PHASE_STRIP = NO;
				DEBUG_INFORMATION_FORMAT = dwarf;
				ENABLE_STRICT_OBJC_MSGSEND = YES;
				ENABLE_TESTABILITY = YES;
				GCC_C_LANGUAGE_STANDARD = gnu11;
				GCC_DYNAMIC_NO_PIC = NO;
				GCC_NO_COMMON_BLOCKS = YES;
				GCC_OPTIMIZATION_LEVEL = 0;
				GCC_PREPROCESSOR_DEFINITIONS = (
					"DEBUG=1",
					"$(inherited)",
				);
				GCC_WARN_64_TO_32_BIT_CONVERSION = YES;
				GCC_WARN_ABOUT_RETURN_TYPE = YES_ERROR;
				GCC_WARN_UNDECLARED_SELECTOR = YES;
				GCC_WARN_UNINITIALIZED_AUTOS = YES_AGGRESSIVE;
				GCC_WARN_UNUSED_FUNCTION = YES;
				GCC_WARN_UNUSED_VARIABLE = YES;
				IPHONEOS_DEPLOYMENT_TARGET = 16.2;
				MTL_ENABLE_DEBUG_INFO = INCLUDE_SOURCE;
				MTL_FAST_MATH = YES;
				ONLY_ACTIVE_ARCH = YES;
				SDKROOT = iphoneos;
				SWIFT_ACTIVE_COMPILATION_CONDITIONS = DEBUG;
				SWIFT_OPTIMIZATION_LEVEL = "-Onone";
			};
			name = Debug;
		};
		2214B1D22DC0B02500DEF217 /* Release */ = {
			isa = XCBuildConfiguration;
			baseConfigurationReference = 2214B1E62DC0C3D400DEF217 /* Production.xcconfig */;
			buildSettings = {
				ALWAYS_SEARCH_USER_PATHS = NO;
				CLANG_ANALYZER_NONNULL = YES;
				CLANG_ANALYZER_NUMBER_OBJECT_CONVERSION = YES_AGGRESSIVE;
				CLANG_CXX_LANGUAGE_STANDARD = "gnu++20";
				CLANG_ENABLE_MODULES = YES;
				CLANG_ENABLE_OBJC_ARC = YES;
				CLANG_ENABLE_OBJC_WEAK = YES;
				CLANG_WARN_BLOCK_CAPTURE_AUTORELEASING = YES;
				CLANG_WARN_BOOL_CONVERSION = YES;
				CLANG_WARN_COMMA = YES;
				CLANG_WARN_CONSTANT_CONVERSION = YES;
				CLANG_WARN_DEPRECATED_OBJC_IMPLEMENTATIONS = YES;
				CLANG_WARN_DIRECT_OBJC_ISA_USAGE = YES_ERROR;
				CLANG_WARN_DOCUMENTATION_COMMENTS = YES;
				CLANG_WARN_EMPTY_BODY = YES;
				CLANG_WARN_ENUM_CONVERSION = YES;
				CLANG_WARN_INFINITE_RECURSION = YES;
				CLANG_WARN_INT_CONVERSION = YES;
				CLANG_WARN_NON_LITERAL_NULL_CONVERSION = YES;
				CLANG_WARN_OBJC_IMPLICIT_RETAIN_SELF = YES;
				CLANG_WARN_OBJC_LITERAL_CONVERSION = YES;
				CLANG_WARN_OBJC_ROOT_CLASS = YES_ERROR;
				CLANG_WARN_QUOTED_INCLUDE_IN_FRAMEWORK_HEADER = YES;
				CLANG_WARN_RANGE_LOOP_ANALYSIS = YES;
				CLANG_WARN_STRICT_PROTOTYPES = YES;
				CLANG_WARN_SUSPICIOUS_MOVE = YES;
				CLANG_WARN_UNGUARDED_AVAILABILITY = YES_AGGRESSIVE;
				CLANG_WARN_UNREACHABLE_CODE = YES;
				CLANG_WARN__DUPLICATE_METHOD_MATCH = YES;
				COPY_PHASE_STRIP = NO;
				DEBUG_INFORMATION_FORMAT = "dwarf-with-dsym";
				ENABLE_NS_ASSERTIONS = NO;
				ENABLE_STRICT_OBJC_MSGSEND = YES;
				GCC_C_LANGUAGE_STANDARD = gnu11;
				GCC_NO_COMMON_BLOCKS = YES;
				GCC_WARN_64_TO_32_BIT_CONVERSION = YES;
				GCC_WARN_ABOUT_RETURN_TYPE = YES_ERROR;
				GCC_WARN_UNDECLARED_SELECTOR = YES;
				GCC_WARN_UNINITIALIZED_AUTOS = YES_AGGRESSIVE;
				GCC_WARN_UNUSED_FUNCTION = YES;
				GCC_WARN_UNUSED_VARIABLE = YES;
				IPHONEOS_DEPLOYMENT_TARGET = 16.2;
				MTL_ENABLE_DEBUG_INFO = NO;
				MTL_FAST_MATH = YES;
				SDKROOT = iphoneos;
				SWIFT_COMPILATION_MODE = wholemodule;
				SWIFT_OPTIMIZATION_LEVEL = "-O";
				VALIDATE_PRODUCT = YES;
			};
			name = Release;
		};
		2214B1D42DC0B02500DEF217 /* Debug */ = {
			isa = XCBuildConfiguration;
			baseConfigurationReference = 6033BAAC291025A2B8604364 /* Pods-News-App.debug.xcconfig */;
			buildSettings = {
				ASSETCATALOG_COMPILER_APPICON_NAME = AppIcon;
				ASSETCATALOG_COMPILER_GLOBAL_ACCENT_COLOR_NAME = AccentColor;
				CODE_SIGN_STYLE = Automatic;
				CURRENT_PROJECT_VERSION = "$(CURRENT_PROJECT_VERSION)";
				DEVELOPMENT_TEAM = 4J28TBSJM9;
				GENERATE_INFOPLIST_FILE = YES;
				INFOPLIST_FILE = "News-App/Cores/Configs/Info.plist";
				INFOPLIST_KEY_CFBundleDisplayName = "News App";
				INFOPLIST_KEY_LSApplicationCategoryType = "public.app-category.news";
				INFOPLIST_KEY_UIApplicationSupportsIndirectInputEvents = YES;
				INFOPLIST_KEY_UILaunchStoryboardName = LaunchScreen.storyboard;
				INFOPLIST_KEY_UIMainStoryboardFile = Main;
				INFOPLIST_KEY_UISupportedInterfaceOrientations = "UIInterfaceOrientationPortrait UIInterfaceOrientationPortraitUpsideDown";
				INFOPLIST_KEY_UISupportedInterfaceOrientations_iPad = "UIInterfaceOrientationLandscapeLeft UIInterfaceOrientationLandscapeRight UIInterfaceOrientationPortrait UIInterfaceOrientationPortraitUpsideDown";
				IPHONEOS_DEPLOYMENT_TARGET = 15.0;
				LD_RUNPATH_SEARCH_PATHS = (
					"$(inherited)",
					"@executable_path/Frameworks",
				);
				MARKETING_VERSION = "$(MARKETING_VERSION)";
				PRODUCT_BUNDLE_IDENTIFIER = "$(PRODUCT_BUNDLE_IDENTIFIER)";
				PRODUCT_NAME = "$(PRODUCT_NAME)";
				SWIFT_EMIT_LOC_STRINGS = YES;
				SWIFT_VERSION = 5.0;
				TARGETED_DEVICE_FAMILY = "1,2";
			};
			name = Debug;
		};
		2214B1D52DC0B02500DEF217 /* Release */ = {
			isa = XCBuildConfiguration;
			baseConfigurationReference = CC627EC6A8C8C4F02405A8CF /* Pods-News-App.release.xcconfig */;
			buildSettings = {
				ASSETCATALOG_COMPILER_APPICON_NAME = AppIcon;
				ASSETCATALOG_COMPILER_GLOBAL_ACCENT_COLOR_NAME = AccentColor;
				CODE_SIGN_STYLE = Automatic;
				CURRENT_PROJECT_VERSION = "$(CURRENT_PROJECT_VERSION)";
				DEVELOPMENT_TEAM = 4J28TBSJM9;
				GENERATE_INFOPLIST_FILE = YES;
				INFOPLIST_FILE = "News-App/Cores/Configs/Info.plist";
				INFOPLIST_KEY_CFBundleDisplayName = "News App";
				INFOPLIST_KEY_LSApplicationCategoryType = "public.app-category.news";
				INFOPLIST_KEY_UIApplicationSupportsIndirectInputEvents = YES;
				INFOPLIST_KEY_UILaunchStoryboardName = LaunchScreen.storyboard;
				INFOPLIST_KEY_UIMainStoryboardFile = Main;
				INFOPLIST_KEY_UISupportedInterfaceOrientations = "UIInterfaceOrientationPortrait UIInterfaceOrientationPortraitUpsideDown";
				INFOPLIST_KEY_UISupportedInterfaceOrientations_iPad = "UIInterfaceOrientationLandscapeLeft UIInterfaceOrientationLandscapeRight UIInterfaceOrientationPortrait UIInterfaceOrientationPortraitUpsideDown";
				IPHONEOS_DEPLOYMENT_TARGET = 15.0;
				LD_RUNPATH_SEARCH_PATHS = (
					"$(inherited)",
					"@executable_path/Frameworks",
				);
				MARKETING_VERSION = "$(MARKETING_VERSION)";
				PRODUCT_BUNDLE_IDENTIFIER = "$(PRODUCT_BUNDLE_IDENTIFIER)";
				PRODUCT_NAME = "$(PRODUCT_NAME)";
				SWIFT_EMIT_LOC_STRINGS = YES;
				SWIFT_VERSION = 5.0;
				TARGETED_DEVICE_FAMILY = "1,2";
			};
			name = Release;
		};
		2214B1D72DC0B02500DEF217 /* Debug */ = {
			isa = XCBuildConfiguration;
			baseConfigurationReference = 9C6393EF3100F5C67375A869 /* Pods-News-AppTests.debug.xcconfig */;
			buildSettings = {
				ALWAYS_EMBED_SWIFT_STANDARD_LIBRARIES = YES;
				BUNDLE_LOADER = "$(TEST_HOST)";
				CODE_SIGN_STYLE = Automatic;
				CURRENT_PROJECT_VERSION = 1;
				DEVELOPMENT_TEAM = 4J28TBSJM9;
				GENERATE_INFOPLIST_FILE = YES;
				IPHONEOS_DEPLOYMENT_TARGET = 16.2;
				MARKETING_VERSION = 1.0;
				PRODUCT_BUNDLE_IDENTIFIER = "news-app.News-AppTests";
				PRODUCT_NAME = "$(TARGET_NAME)";
				SWIFT_EMIT_LOC_STRINGS = NO;
				SWIFT_VERSION = 5.0;
				TARGETED_DEVICE_FAMILY = "1,2";
				TEST_HOST = "$(BUILT_PRODUCTS_DIR)/News-App.app/$(BUNDLE_EXECUTABLE_FOLDER_PATH)/News-App";
			};
			name = Debug;
		};
		2214B1D82DC0B02500DEF217 /* Release */ = {
			isa = XCBuildConfiguration;
			baseConfigurationReference = 043966732F7A62F52AEBC287 /* Pods-News-AppTests.release.xcconfig */;
			buildSettings = {
				ALWAYS_EMBED_SWIFT_STANDARD_LIBRARIES = YES;
				BUNDLE_LOADER = "$(TEST_HOST)";
				CODE_SIGN_STYLE = Automatic;
				CURRENT_PROJECT_VERSION = 1;
				DEVELOPMENT_TEAM = 4J28TBSJM9;
				GENERATE_INFOPLIST_FILE = YES;
				IPHONEOS_DEPLOYMENT_TARGET = 16.2;
				MARKETING_VERSION = 1.0;
				PRODUCT_BUNDLE_IDENTIFIER = "news-app.News-AppTests";
				PRODUCT_NAME = "$(TARGET_NAME)";
				SWIFT_EMIT_LOC_STRINGS = NO;
				SWIFT_VERSION = 5.0;
				TARGETED_DEVICE_FAMILY = "1,2";
				TEST_HOST = "$(BUILT_PRODUCTS_DIR)/News-App.app/$(BUNDLE_EXECUTABLE_FOLDER_PATH)/News-App";
			};
			name = Release;
		};
		2214B1DA2DC0B02500DEF217 /* Debug */ = {
			isa = XCBuildConfiguration;
			baseConfigurationReference = 5F3ACEB5DC8A87AFB61ECC1A /* Pods-News-App-News-AppUITests.debug.xcconfig */;
			buildSettings = {
				ALWAYS_EMBED_SWIFT_STANDARD_LIBRARIES = YES;
				CODE_SIGN_STYLE = Automatic;
				CURRENT_PROJECT_VERSION = 1;
				DEVELOPMENT_TEAM = 4J28TBSJM9;
				GENERATE_INFOPLIST_FILE = YES;
				MARKETING_VERSION = 1.0;
				PRODUCT_BUNDLE_IDENTIFIER = "news-app.News-AppUITests";
				PRODUCT_NAME = "$(TARGET_NAME)";
				SWIFT_EMIT_LOC_STRINGS = NO;
				SWIFT_VERSION = 5.0;
				TARGETED_DEVICE_FAMILY = "1,2";
				TEST_TARGET_NAME = "News-App";
			};
			name = Debug;
		};
		2214B1DB2DC0B02500DEF217 /* Release */ = {
			isa = XCBuildConfiguration;
			baseConfigurationReference = A68D1BFA186333B491A818DE /* Pods-News-App-News-AppUITests.release.xcconfig */;
			buildSettings = {
				ALWAYS_EMBED_SWIFT_STANDARD_LIBRARIES = YES;
				CODE_SIGN_STYLE = Automatic;
				CURRENT_PROJECT_VERSION = 1;
				DEVELOPMENT_TEAM = 4J28TBSJM9;
				GENERATE_INFOPLIST_FILE = YES;
				MARKETING_VERSION = 1.0;
				PRODUCT_BUNDLE_IDENTIFIER = "news-app.News-AppUITests";
				PRODUCT_NAME = "$(TARGET_NAME)";
				SWIFT_EMIT_LOC_STRINGS = NO;
				SWIFT_VERSION = 5.0;
				TARGETED_DEVICE_FAMILY = "1,2";
				TEST_TARGET_NAME = "News-App";
			};
			name = Release;
		};
/* End XCBuildConfiguration section */

/* Begin XCConfigurationList section */
		2214B1A42DC0B02000DEF217 /* Build configuration list for PBXProject "News-App" */ = {
			isa = XCConfigurationList;
			buildConfigurations = (
				2214B1D12DC0B02500DEF217 /* Debug */,
				2214B1D22DC0B02500DEF217 /* Release */,
			);
			defaultConfigurationIsVisible = 0;
			defaultConfigurationName = Release;
		};
		2214B1D32DC0B02500DEF217 /* Build configuration list for PBXNativeTarget "News-App" */ = {
			isa = XCConfigurationList;
			buildConfigurations = (
				2214B1D42DC0B02500DEF217 /* Debug */,
				2214B1D52DC0B02500DEF217 /* Release */,
			);
			defaultConfigurationIsVisible = 0;
			defaultConfigurationName = Release;
		};
		2214B1D62DC0B02500DEF217 /* Build configuration list for PBXNativeTarget "News-AppTests" */ = {
			isa = XCConfigurationList;
			buildConfigurations = (
				2214B1D72DC0B02500DEF217 /* Debug */,
				2214B1D82DC0B02500DEF217 /* Release */,
			);
			defaultConfigurationIsVisible = 0;
			defaultConfigurationName = Release;
		};
		2214B1D92DC0B02500DEF217 /* Build configuration list for PBXNativeTarget "News-AppUITests" */ = {
			isa = XCConfigurationList;
			buildConfigurations = (
				2214B1DA2DC0B02500DEF217 /* Debug */,
				2214B1DB2DC0B02500DEF217 /* Release */,
			);
			defaultConfigurationIsVisible = 0;
			defaultConfigurationName = Release;
		};
/* End XCConfigurationList section */
	};
	rootObject = 2214B1A12DC0B02000DEF217 /* Project object */;
}
